
Microsoft Visual Studio Solution File, Format Version 12.00
# Visual Studio Version 17
VisualStudioVersion = 17.11.35327.3
MinimumVisualStudioVersion = 10.0.40219.1
Project("{9A19103F-16F7-4668-BE54-9A1E7A4F7556}") = "PROSCANNERCONT", "PROSCANNERCONT\PROSCANNERCONT.csproj", "{665E11A3-B9F3-47C9-AE4C-17C466C3E53D}"
EndProject
Project("{9A19103F-16F7-4668-BE54-9A1E7A4F7556}") = "PROSCANNERCONT.Tests", "PROSCANNERCONT.Tests\PROSCANNERCONT.Tests.csproj", "{A0A0A0A0-B1B1-4C2C-D3D3-E4E4E4E4E4E4}"
EndProject
Project("{FAE04EC0-301F-11D3-BF4B-00C04F79EFBC}") = "PrivaCore.ModuleSdk", "PrivaCore.ModuleSdk\PrivaCore.ModuleSdk.csproj", "{8F32316E-7A4E-4A06-B989-7A8050AA3362}"
EndProject
Project("{FAE04EC0-301F-11D3-BF4B-00C04F79EFBC}") = "PrivaCore.IDS", "PrivaCore.IDS\PrivaCore.IDS.csproj", "{A12A31E0-840D-40B2-AB33-DEB6B2520FD1}"
EndProject
Project("{FAE04EC0-301F-11D3-BF4B-00C04F79EFBC}") = "PrivaCore.SIEM", "PrivaCore.SIEM\PrivaCore.SIEM.csproj", "{D2B47D02-51A8-4CCF-9AC6-738A8C874CEF}"
EndProject
Project("{FAE04EC0-301F-11D3-BF4B-00C04F79EFBC}") = "PrivaCore.Agent", "PrivaCore.Agent\PrivaCore.Agent.csproj", "{83597DA6-00EC-407C-B949-FD1AA9BA477F}"
EndProject
Project("{FAE04EC0-301F-11D3-BF4B-00C04F79EFBC}") = "PrivaCore.Honeypot", "PrivaCore.Honeypot\PrivaCore.Honeypot.csproj", "{9F3552AD-13FF-402E-A346-BB92E9BD5B70}"
EndProject
Global
	GlobalSection(SolutionConfigurationPlatforms) = preSolution
		Debug|Any CPU = Debug|Any CPU
		Debug|x64 = Debug|x64
		Debug|x86 = Debug|x86
		Release|Any CPU = Release|Any CPU
		Release|x64 = Release|x64
		Release|x86 = Release|x86
	EndGlobalSection
	GlobalSection(ProjectConfigurationPlatforms) = postSolution
		{665E11A3-B9F3-47C9-AE4C-17C466C3E53D}.Debug|Any CPU.ActiveCfg = Debug|Any CPU
		{665E11A3-B9F3-47C9-AE4C-17C466C3E53D}.Debug|Any CPU.Build.0 = Debug|Any CPU
		{665E11A3-B9F3-47C9-AE4C-17C466C3E53D}.Debug|x64.ActiveCfg = Debug|Any CPU
		{665E11A3-B9F3-47C9-AE4C-17C466C3E53D}.Debug|x64.Build.0 = Debug|Any CPU
		{665E11A3-B9F3-47C9-AE4C-17C466C3E53D}.Debug|x86.ActiveCfg = Debug|Any CPU
		{665E11A3-B9F3-47C9-AE4C-17C466C3E53D}.Debug|x86.Build.0 = Debug|Any CPU
		{665E11A3-B9F3-47C9-AE4C-17C466C3E53D}.Release|Any CPU.ActiveCfg = Release|Any CPU
		{665E11A3-B9F3-47C9-AE4C-17C466C3E53D}.Release|Any CPU.Build.0 = Release|Any CPU
		{665E11A3-B9F3-47C9-AE4C-17C466C3E53D}.Release|x64.ActiveCfg = Release|Any CPU
		{665E11A3-B9F3-47C9-AE4C-17C466C3E53D}.Release|x64.Build.0 = Release|Any CPU
		{665E11A3-B9F3-47C9-AE4C-17C466C3E53D}.Release|x86.ActiveCfg = Release|Any CPU
		{665E11A3-B9F3-47C9-AE4C-17C466C3E53D}.Release|x86.Build.0 = Release|Any CPU
		{A0A0A0A0-B1B1-4C2C-D3D3-E4E4E4E4E4E4}.Debug|Any CPU.ActiveCfg = Debug|Any CPU
		{A0A0A0A0-B1B1-4C2C-D3D3-E4E4E4E4E4E4}.Debug|Any CPU.Build.0 = Debug|Any CPU
		{A0A0A0A0-B1B1-4C2C-D3D3-E4E4E4E4E4E4}.Debug|x64.ActiveCfg = Debug|Any CPU
		{A0A0A0A0-B1B1-4C2C-D3D3-E4E4E4E4E4E4}.Debug|x64.Build.0 = Debug|Any CPU
		{A0A0A0A0-B1B1-4C2C-D3D3-E4E4E4E4E4E4}.Debug|x86.ActiveCfg = Debug|Any CPU
		{A0A0A0A0-B1B1-4C2C-D3D3-E4E4E4E4E4E4}.Debug|x86.Build.0 = Debug|Any CPU
		{A0A0A0A0-B1B1-4C2C-D3D3-E4E4E4E4E4E4}.Release|Any CPU.ActiveCfg = Release|Any CPU
		{A0A0A0A0-B1B1-4C2C-D3D3-E4E4E4E4E4E4}.Release|Any CPU.Build.0 = Release|Any CPU
		{A0A0A0A0-B1B1-4C2C-D3D3-E4E4E4E4E4E4}.Release|x64.ActiveCfg = Release|Any CPU
		{A0A0A0A0-B1B1-4C2C-D3D3-E4E4E4E4E4E4}.Release|x64.Build.0 = Release|Any CPU
		{A0A0A0A0-B1B1-4C2C-D3D3-E4E4E4E4E4E4}.Release|x86.ActiveCfg = Release|Any CPU
		{A0A0A0A0-B1B1-4C2C-D3D3-E4E4E4E4E4E4}.Release|x86.Build.0 = Release|Any CPU
		{8F32316E-7A4E-4A06-B989-7A8050AA3362}.Debug|Any CPU.ActiveCfg = Debug|Any CPU
		{8F32316E-7A4E-4A06-B989-7A8050AA3362}.Debug|Any CPU.Build.0 = Debug|Any CPU
		{8F32316E-7A4E-4A06-B989-7A8050AA3362}.Debug|x64.ActiveCfg = Debug|Any CPU
		{8F32316E-7A4E-4A06-B989-7A8050AA3362}.Debug|x64.Build.0 = Debug|Any CPU
		{8F32316E-7A4E-4A06-B989-7A8050AA3362}.Debug|x86.ActiveCfg = Debug|Any CPU
		{8F32316E-7A4E-4A06-B989-7A8050AA3362}.Debug|x86.Build.0 = Debug|Any CPU
		{8F32316E-7A4E-4A06-B989-7A8050AA3362}.Release|Any CPU.ActiveCfg = Release|Any CPU
		{8F32316E-7A4E-4A06-B989-7A8050AA3362}.Release|Any CPU.Build.0 = Release|Any CPU
		{8F32316E-7A4E-4A06-B989-7A8050AA3362}.Release|x64.ActiveCfg = Release|Any CPU
		{8F32316E-7A4E-4A06-B989-7A8050AA3362}.Release|x64.Build.0 = Release|Any CPU
		{8F32316E-7A4E-4A06-B989-7A8050AA3362}.Release|x86.ActiveCfg = Release|Any CPU
		{8F32316E-7A4E-4A06-B989-7A8050AA3362}.Release|x86.Build.0 = Release|Any CPU
		{A12A31E0-840D-40B2-AB33-DEB6B2520FD1}.Debug|Any CPU.ActiveCfg = Debug|Any CPU
		{A12A31E0-840D-40B2-AB33-DEB6B2520FD1}.Debug|Any CPU.Build.0 = Debug|Any CPU
		{A12A31E0-840D-40B2-AB33-DEB6B2520FD1}.Debug|x64.ActiveCfg = Debug|Any CPU
		{A12A31E0-840D-40B2-AB33-DEB6B2520FD1}.Debug|x64.Build.0 = Debug|Any CPU
		{A12A31E0-840D-40B2-AB33-DEB6B2520FD1}.Debug|x86.ActiveCfg = Debug|Any CPU
		{A12A31E0-840D-40B2-AB33-DEB6B2520FD1}.Debug|x86.Build.0 = Debug|Any CPU
		{A12A31E0-840D-40B2-AB33-DEB6B2520FD1}.Release|Any CPU.ActiveCfg = Release|Any CPU
		{A12A31E0-840D-40B2-AB33-DEB6B2520FD1}.Release|Any CPU.Build.0 = Release|Any CPU
		{A12A31E0-840D-40B2-AB33-DEB6B2520FD1}.Release|x64.ActiveCfg = Release|Any CPU
		{A12A31E0-840D-40B2-AB33-DEB6B2520FD1}.Release|x64.Build.0 = Release|Any CPU
		{A12A31E0-840D-40B2-AB33-DEB6B2520FD1}.Release|x86.ActiveCfg = Release|Any CPU
		{A12A31E0-840D-40B2-AB33-DEB6B2520FD1}.Release|x86.Build.0 = Release|Any CPU
		{D2B47D02-51A8-4CCF-9AC6-738A8C874CEF}.Debug|Any CPU.ActiveCfg = Debug|Any CPU
		{D2B47D02-51A8-4CCF-9AC6-738A8C874CEF}.Debug|Any CPU.Build.0 = Debug|Any CPU
		{D2B47D02-51A8-4CCF-9AC6-738A8C874CEF}.Debug|x64.ActiveCfg = Debug|Any CPU
		{D2B47D02-51A8-4CCF-9AC6-738A8C874CEF}.Debug|x64.Build.0 = Debug|Any CPU
		{D2B47D02-51A8-4CCF-9AC6-738A8C874CEF}.Debug|x86.ActiveCfg = Debug|Any CPU
		{D2B47D02-51A8-4CCF-9AC6-738A8C874CEF}.Debug|x86.Build.0 = Debug|Any CPU
		{D2B47D02-51A8-4CCF-9AC6-738A8C874CEF}.Release|Any CPU.ActiveCfg = Release|Any CPU
		{D2B47D02-51A8-4CCF-9AC6-738A8C874CEF}.Release|Any CPU.Build.0 = Release|Any CPU
		{D2B47D02-51A8-4CCF-9AC6-738A8C874CEF}.Release|x64.ActiveCfg = Release|Any CPU
		{D2B47D02-51A8-4CCF-9AC6-738A8C874CEF}.Release|x64.Build.0 = Release|Any CPU
		{D2B47D02-51A8-4CCF-9AC6-738A8C874CEF}.Release|x86.ActiveCfg = Release|Any CPU
		{D2B47D02-51A8-4CCF-9AC6-738A8C874CEF}.Release|x86.Build.0 = Release|Any CPU
		{83597DA6-00EC-407C-B949-FD1AA9BA477F}.Debug|Any CPU.ActiveCfg = Debug|Any CPU
		{83597DA6-00EC-407C-B949-FD1AA9BA477F}.Debug|Any CPU.Build.0 = Debug|Any CPU
		{83597DA6-00EC-407C-B949-FD1AA9BA477F}.Debug|x64.ActiveCfg = Debug|Any CPU
		{83597DA6-00EC-407C-B949-FD1AA9BA477F}.Debug|x64.Build.0 = Debug|Any CPU
		{83597DA6-00EC-407C-B949-FD1AA9BA477F}.Debug|x86.ActiveCfg = Debug|Any CPU
		{83597DA6-00EC-407C-B949-FD1AA9BA477F}.Debug|x86.Build.0 = Debug|Any CPU
		{83597DA6-00EC-407C-B949-FD1AA9BA477F}.Release|Any CPU.ActiveCfg = Release|Any CPU
		{83597DA6-00EC-407C-B949-FD1AA9BA477F}.Release|Any CPU.Build.0 = Release|Any CPU
		{83597DA6-00EC-407C-B949-FD1AA9BA477F}.Release|x64.ActiveCfg = Release|Any CPU
		{83597DA6-00EC-407C-B949-FD1AA9BA477F}.Release|x64.Build.0 = Release|Any CPU
		{83597DA6-00EC-407C-B949-FD1AA9BA477F}.Release|x86.ActiveCfg = Release|Any CPU
		{83597DA6-00EC-407C-B949-FD1AA9BA477F}.Release|x86.Build.0 = Release|Any CPU
		{9F3552AD-13FF-402E-A346-BB92E9BD5B70}.Debug|Any CPU.ActiveCfg = Debug|Any CPU
		{9F3552AD-13FF-402E-A346-BB92E9BD5B70}.Debug|Any CPU.Build.0 = Debug|Any CPU
		{9F3552AD-13FF-402E-A346-BB92E9BD5B70}.Debug|x64.ActiveCfg = Debug|Any CPU
		{9F3552AD-13FF-402E-A346-BB92E9BD5B70}.Debug|x64.Build.0 = Debug|Any CPU
		{9F3552AD-13FF-402E-A346-BB92E9BD5B70}.Debug|x86.ActiveCfg = Debug|Any CPU
		{9F3552AD-13FF-402E-A346-BB92E9BD5B70}.Debug|x86.Build.0 = Debug|Any CPU
		{9F3552AD-13FF-402E-A346-BB92E9BD5B70}.Release|Any CPU.ActiveCfg = Release|Any CPU
		{9F3552AD-13FF-402E-A346-BB92E9BD5B70}.Release|Any CPU.Build.0 = Release|Any CPU
		{9F3552AD-13FF-402E-A346-BB92E9BD5B70}.Release|x64.ActiveCfg = Release|Any CPU
		{9F3552AD-13FF-402E-A346-BB92E9BD5B70}.Release|x64.Build.0 = Release|Any CPU
		{9F3552AD-13FF-402E-A346-BB92E9BD5B70}.Release|x86.ActiveCfg = Release|Any CPU
		{9F3552AD-13FF-402E-A346-BB92E9BD5B70}.Release|x86.Build.0 = Release|Any CPU
	EndGlobalSection
	GlobalSection(SolutionProperties) = preSolution
		HideSolutionNode = FALSE
	EndGlobalSection
	GlobalSection(ExtensibilityGlobals) = postSolution
		SolutionGuid = {DCB16C9C-3EC2-49EA-B670-FA9E85D158B5}
	EndGlobalSection
EndGlobal
